# This file is automatically @generated by Cargo.
# It is not intended for manual editing.
version = 3

[[package]]
name = "capnp"
version = "0.13.7"
source = "registry+https://github.com/rust-lang/crates.io-index"
checksum = "458fe65c8ae2c09ebe6658d3b98a1dd672efda0d7ad73ebd69c4a351abd96ef6"

[[package]]
name = "capnpc"
version = "0.13.1"
source = "registry+https://github.com/rust-lang/crates.io-index"
checksum = "81855cee80548f7a2ee549d3bc2e55ed5f7cabe469e85614046e5475712f75c1"
dependencies = [
 "capnp",
]

[[package]]
name = "test-captain"
version = "0.1.0"
dependencies = [
 "capnp",
 "capnpc",
]
